
Microsoft Visual Studio Solution File, Format Version 12.00
# Visual Studio 2012
Project("{FAE04EC0-301F-11D3-BF4B-00C04F79EFBC}") = "Client", "Client\Client.csproj", "{BB1E621C-A496-4EF8-929E-25037C0B585D}"
EndProject
Project("{FAE04EC0-301F-11D3-BF4B-00C04F79EFBC}") = "Tests", "Tests\Tests.csproj", "{9714CA6F-0560-4159-A677-317ECA3E3918}"
EndProject
Project("{FAE04EC0-301F-11D3-BF4B-00C04F79EFBC}") = "DebugConsole", "DebugConsole\DebugConsole.csproj", "{CAD71670-421C-4C31-8C10-36098F041EB9}"
EndProject
Project("{FAE04EC0-301F-11D3-BF4B-00C04F79EFBC}") = "SolrNetTest", "SolrNetTest\SolrNetTest.csproj", "{A453603A-5F03-455A-80B4-8C1A26BC6127}"
EndProject
Project("{00D1A9C2-B5F0-4AF3-8072-F6C62B433612}") = "SolrCLR", "SolrCLR\SolrCLR.sqlproj", "{06E804C9-7548-496A-BE7B-B8BA4BD5D1B7}"
EndProject
Global
	GlobalSection(SolutionConfigurationPlatforms) = preSolution
		Debug|Any CPU = Debug|Any CPU
		Release|Any CPU = Release|Any CPU
	EndGlobalSection
	GlobalSection(ProjectConfigurationPlatforms) = postSolution
		{BB1E621C-A496-4EF8-929E-25037C0B585D}.Debug|Any CPU.ActiveCfg = Debug|Any CPU
		{BB1E621C-A496-4EF8-929E-25037C0B585D}.Debug|Any CPU.Build.0 = Debug|Any CPU
		{BB1E621C-A496-4EF8-929E-25037C0B585D}.Release|Any CPU.ActiveCfg = Release|Any CPU
		{BB1E621C-A496-4EF8-929E-25037C0B585D}.Release|Any CPU.Build.0 = Release|Any CPU
		{9714CA6F-0560-4159-A677-317ECA3E3918}.Debug|Any CPU.ActiveCfg = Debug|Any CPU
		{9714CA6F-0560-4159-A677-317ECA3E3918}.Debug|Any CPU.Build.0 = Debug|Any CPU
		{9714CA6F-0560-4159-A677-317ECA3E3918}.Release|Any CPU.ActiveCfg = Release|Any CPU
		{9714CA6F-0560-4159-A677-317ECA3E3918}.Release|Any CPU.Build.0 = Release|Any CPU
		{CAD71670-421C-4C31-8C10-36098F041EB9}.Debug|Any CPU.ActiveCfg = Debug|Any CPU
		{CAD71670-421C-4C31-8C10-36098F041EB9}.Debug|Any CPU.Build.0 = Debug|Any CPU
		{CAD71670-421C-4C31-8C10-36098F041EB9}.Release|Any CPU.ActiveCfg = Release|Any CPU
		{CAD71670-421C-4C31-8C10-36098F041EB9}.Release|Any CPU.Build.0 = Release|Any CPU
		{A453603A-5F03-455A-80B4-8C1A26BC6127}.Debug|Any CPU.ActiveCfg = Debug|Any CPU
		{A453603A-5F03-455A-80B4-8C1A26BC6127}.Debug|Any CPU.Build.0 = Debug|Any CPU
		{A453603A-5F03-455A-80B4-8C1A26BC6127}.Release|Any CPU.ActiveCfg = Release|Any CPU
		{A453603A-5F03-455A-80B4-8C1A26BC6127}.Release|Any CPU.Build.0 = Release|Any CPU
		{06E804C9-7548-496A-BE7B-B8BA4BD5D1B7}.Debug|Any CPU.ActiveCfg = Debug|Any CPU
		{06E804C9-7548-496A-BE7B-B8BA4BD5D1B7}.Debug|Any CPU.Build.0 = Debug|Any CPU
		{06E804C9-7548-496A-BE7B-B8BA4BD5D1B7}.Debug|Any CPU.Deploy.0 = Debug|Any CPU
		{06E804C9-7548-496A-BE7B-B8BA4BD5D1B7}.Release|Any CPU.ActiveCfg = Release|Any CPU
		{06E804C9-7548-496A-BE7B-B8BA4BD5D1B7}.Release|Any CPU.Build.0 = Release|Any CPU
		{06E804C9-7548-496A-BE7B-B8BA4BD5D1B7}.Release|Any CPU.Deploy.0 = Release|Any CPU
	EndGlobalSection
	GlobalSection(SolutionProperties) = preSolution
		HideSolutionNode = FALSE
	EndGlobalSection
EndGlobal
